version = 1
revision = 3
requires-python = ">=3.12"

[[package]]
name = "actionlint-py"
version = "1.7.12.24"
source = { registry = "https://pypi.org/simple" }
sdist = { url = "https://files.pythonhosted.org/packages/6f/0b/3f29683dfbe94208fb5c3806806a6ef419972892e25c3c4f95198f68c978/actionlint_py-1.7.12.24.tar.gz", hash = "sha256:7571b0724fde79b2572b98b2b53792c470249d4db29951b57fc49b9cd3eaf11e", size = 12071, upload-time = "2026-03-31T06:21:35.015Z" }

[[package]]
name = "ast-grep-cli"
version = "0.44.0"
source = { registry = "https://pypi.org/simple" }
sdist = { url = "https://files.pythonhosted.org/packages/f7/23/4437c1e2f91bba450a62c35334c67fb3beddc6900806dff837ef1a5599a1/ast_grep_cli-0.44.0.tar.gz", hash = "sha256:d65a9ea18cee3368d3319b83aba234d49b0bb366cb22b35264cfe844091ab77f", size = 274753, upload-time = "2026-06-22T01:57:09.014Z" }
wheels = [
    { url = "https://files.pythonhosted.org/packages/a6/16/b2a3e1a189fc8ede5e7e955ce62065fa99361796ecea8cadbc1bf019527f/ast_grep_cli-0.44.0-py3-none-macosx_10_12_x86_64.macosx_11_0_arm64.macosx_10_12_universal2.whl", hash = "sha256:719c0716c3d14bf905e078ee6862216f2c3cfcdeb3202a12ade26deda99e1555", size = 16058252, upload-time = "2026-06-22T01:56:53.869Z" },
    { url = "https://files.pythonhosted.org/packages/65/c4/98fb6a547d6dd1155bf778855643cff265c78b7892d1fb9087b332d3e910/ast_grep_cli-0.44.0-py3-none-macosx_10_12_x86_64.whl", hash = "sha256:c42b41c06759c5cf2254343c89a97c63ac0480d0d8f021b5092d43958d27851d", size = 8034188, upload-time = "2026-06-22T01:56:57.622Z" },
    { url = "https://files.pythonhosted.org/packages/8b/aa/46f08c2631f1db4b23cde3164646691efe060bb078e309adbbeb91da58dc/ast_grep_cli-0.44.0-py3-none-manylinux_2_28_aarch64.whl", hash = "sha256:c30e01f432186b17d6d2f27c09bf47d3521a503a17b27161492e653c04cb2295", size = 7881722, upload-time = "2026-06-22T01:56:59.438Z" },
    { url = "https://files.pythonhosted.org/packages/56/d4/e7d09fd8c05b82c8bc9537dd2d389065a6b6c7ddb1f59928d75fa2c5c6f3/ast_grep_cli-0.44.0-py3-none-manylinux_2_28_x86_64.whl", hash = "sha256:f5841719ac9593112b6bb4eb50646a37e7a0a35b4b72c84c9f4cc34a259734fd", size = 8180950, upload-time = "2026-06-22T01:57:01.568Z" },
    { url = "https://files.pythonhosted.org/packages/d8/78/d64369ad514e47d0895cd88feb4d66c5b8d4918632c24725360e5e8e5b55/ast_grep_cli-0.44.0-py3-none-win32.whl", hash = "sha256:72be9a8eff8472e1c3f9941a59680a372d16981ee8dbafc4804a1bac30b83044", size = 7715079, upload-time = "2026-06-22T01:57:03.452Z" },
    { url = "https://files.pythonhosted.org/packages/2f/85/51e98cd5d510a27208275a7c0fb36e0e0d1da0b0deeb9992ddd7f48387b6/ast_grep_cli-0.44.0-py3-none-win_amd64.whl", hash = "sha256:e12ab5a6f6276f729385c05c4349f55eccb86fa6fc8469d8cf2155cd85d99f56", size = 8215047, upload-time = "2026-06-22T01:57:05.403Z" },
    { url = "https://files.pythonhosted.org/packages/d9/eb/f62d70cccbaed6ff820e4f149ba6cc82c3907181f16624d8b4bfa53bcc9c/ast_grep_cli-0.44.0-py3-none-win_arm64.whl", hash = "sha256:a6173eaf7ff7b8990094d6392bfa1566cc219dcf4cad502d661ee5438d55fe10", size = 7926736, upload-time = "2026-06-22T01:57:07.501Z" },
]

[[package]]
name = "dev-tools"
version = "0.0.0"
source = { virtual = "." }

[package.dev-dependencies]
dev = [
    { name = "actionlint-py" },
    { name = "ast-grep-cli" },
    { name = "prek" },
    { name = "ruff" },
    { name = "rumdl" },
    { name = "shellcheck-py" },
    { name = "typos" },
    { name = "zizmor" },
]

[package.metadata]

[package.metadata.requires-dev]
dev = [
    { name = "actionlint-py", specifier = "==1.7.12.24" },
    { name = "ast-grep-cli", specifier = "==0.44.0" },
    { name = "prek", specifier = "==0.4.5" },
    { name = "ruff", specifier = "==0.16.0" },
    { name = "rumdl", specifier = "==0.2.22" },
    { name = "shellcheck-py", specifier = "==0.11.0.1" },
    { name = "typos", specifier = "==1.47.2" },
    { name = "zizmor", specifier = "==1.26.1" },
]

[[package]]
name = "prek"
version = "0.4.5"
source = { registry = "https://pypi.org/simple" }
sdist = { url = "https://files.pythonhosted.org/packages/2f/65/23866f43521d31173879aa74bb3a2df50ab7f3f74cdb4eaa31b8f446c7ca/prek-0.4.5.tar.gz", hash = "sha256:2be7bcf839de19a0144ed5a5aadf73bc5899cf6823bb1c58cf1d45ae389c201a", size = 482566, upload-time = "2026-06-15T11:36:48.299Z" }
wheels = [
    { url = "https://files.pythonhosted.org/packages/f4/cb/a9eedf9a35ca6ec72f12af2b4392d7f757bb24863b7b7af4523f939cf3fa/prek-0.4.5-py3-none-linux_armv6l.whl", hash = "sha256:f7517774c72b001573520dc7111156779fd3e5b4452c11f09ff53c71a067e835", size = 5618105, upload-time = "2026-06-15T11:36:21.998Z" },
    { url = "https://files.pythonhosted.org/packages/30/a7/c96c06f17db7da0a57be2be4c229aa00b525bca8001c9c765663b339cbb7/prek-0.4.5-py3-none-macosx_10_12_x86_64.whl", hash = "sha256:aca9fa995536036a0171bcf7a4db96dc0a14f480054eda1d7d1c2e7739650993", size = 5972998, upload-time = "2026-06-15T11:36:41.12Z" },
    { url = "https://files.pythonhosted.org/packages/28/f1/721695355cdaa44be6f091e3a77fb9c72ed60289520f78b2f8c9a7197bdd/prek-0.4.5-py3-none-macosx_11_0_arm64.whl", hash = "sha256:66877ff21ae9d548f0f7e56fab8e65f1500a74a810e7749188c3f35a4a1b911b", size = 5525098, upload-time = "2026-06-15T11:36:30.127Z" },
    { url = "https://files.pythonhosted.org/packages/9b/1b/a334e1bb5361b49adf52b5ac7b6532018940f9f0f253437e8f43c3c1f7f3/prek-0.4.5-py3-none-manylinux_2_17_aarch64.manylinux2014_aarch64.musllinux_1_1_aarch64.whl", hash = "sha256:50697089a86a78d16f087c1912a2f3bc2bea82319a220fac52cc8e3ec9fc0426", size = 5793732, upload-time = "2026-06-15T11:36:35.745Z" },
    { url = "https://files.pythonhosted.org/packages/28/8c/aff94d276e91207a87cedff7cfefdd4aca20444137cca77bf53fffebe77a/prek-0.4.5-py3-none-manylinux_2_17_armv7l.manylinux2014_armv7l.whl", hash = "sha256:590427a42a3c1e5064487a0dc91167ae0c8a52168e77f574758ef9b138fcfd61", size = 5521719, upload-time = "2026-06-15T11:36:39.383Z" },
    { url = "https://files.pythonhosted.org/packages/4f/73/cfb0c5c909442050a8357e26233f7e511ba8e0d2f4b0bdc460065d62beb6/prek-0.4.5-py3-none-manylinux_2_17_i686.manylinux2014_i686.whl", hash = "sha256:1fd98b986767dafdb6b4305b563ee5a3a8f13bd3c78b98d708626815ea9f147f", size = 5922623, upload-time = "2026-06-15T11:36:18.063Z" },
    { url = "https://files.pythonhosted.org/packages/0a/ad/ff9d26551ba80d190bd08c6341176a5d56d4e6de9c2ebf077793d4adbb78/prek-0.4.5-py3-none-manylinux_2_17_s390x.manylinux2014_s390x.whl", hash = "sha256:fccd11613ae92619d1ecda0ab3359ceebeb38898909ec84a8d383733d12158cc", size = 6722071, upload-time = "2026-06-15T11:36:43.086Z" },
    { url = "https://files.pythonhosted.org/packages/d3/43/11d1dfd66c919953fe89ae2fdedd4f413ee923883043816d35982177bb75/prek-0.4.5-py3-none-manylinux_2_17_x86_64.manylinux2014_x86_64.whl", hash = "sha256:14109d37b33e5529db41a3539d4f8f72d295f6eeddede3964994d898b8cec05c", size = 6176454, upload-time = "2026-06-15T11:36:33.803Z" },
    { url = "https://files.pythonhosted.org/packages/d7/d4/9749f25c2e0ee5225f812457b888acef301e0ccce64bebcda2ac1d04abee/prek-0.4.5-py3-none-manylinux_2_28_aarch64.whl", hash = "sha256:40d262418105b2ede9836593a1927fc927cc8093c432e998640964102196996e", size = 5791133, upload-time = "2026-06-15T11:36:23.891Z" },
    { url = "https://files.pythonhosted.org/packages/c7/72/5e0344bab1eacf813a5b1b082cb4c6253930096166dad51c1cccee0a4f83/prek-0.4.5-py3-none-manylinux_2_31_riscv64.whl", hash = "sha256:a586d14c3b852fdee1c3dcd0b9cb0915db9f9d054334b854fd9470bf68edf129", size = 5658098, upload-time = "2026-06-15T11:36:44.862Z" },
    { url = "https://files.pythonhosted.org/packages/be/a5/1f406e0362dd0f18ba09a562d50d7c04a70ac05d350b1ab6fba36ca3e9f0/prek-0.4.5-py3-none-musllinux_1_1_armv7l.whl", hash = "sha256:a8ed0d28f3e7790e4402a9324c386509066df6e67cc587f7406f9a245b97b7e8", size = 5498634, upload-time = "2026-06-15T11:36:31.828Z" },
    { url = "https://files.pythonhosted.org/packages/c7/df/b0cbf0fa527330188390b7b6c8d279cd5e509923262d0a6c5cc44bbdf103/prek-0.4.5-py3-none-musllinux_1_1_i686.whl", hash = "sha256:86f76bd3d2ecf6fd9034d75c62ff4c786eb11d0dd0a1f79bbb4343b023e12769", size = 5784840, upload-time = "2026-06-15T11:36:37.481Z" },
    { url = "https://files.pythonhosted.org/packages/9d/d7/977ee3c622c906677dd94187a00392ce2dd76035486b3a3b1b5a5267dd34/prek-0.4.5-py3-none-musllinux_1_1_x86_64.whl", hash = "sha256:e491a1a4641d91d8b03dcce5588397e76d2a5b432c9b0a6c70475972b4512ab4", size = 6300384, upload-time = "2026-06-15T11:36:27.602Z" },
    { url = "https://files.pythonhosted.org/packages/79/fa/43b1d761381dc1c7eeb8f2235c66e902970d4b2bff2dec0f02836c085769/prek-0.4.5-py3-none-win32.whl", hash = "sha256:7546989b2403c96137bd79d19ebfe21facb87266cefe819db2458c3b9b23f350", size = 5287935, upload-time = "2026-06-15T11:36:20.293Z" },
    { url = "https://files.pythonhosted.org/packages/f5/fe/59b5eb3124f5a4cc255a93857b9ab42402635b273f157e91de23bfa40e8f/prek-0.4.5-py3-none-win_amd64.whl", hash = "sha256:8b2ac9227504371d97338215b344184cb0b31ca94113515a3a90c509c6c5a707", size = 5682560, upload-time = "2026-06-15T11:36:25.865Z" },
    { url = "https://files.pythonhosted.org/packages/97/0e/589ff0eab9034909b1ec8654ee03483797305fb743b3554ce6140d82da9d/prek-0.4.5-py3-none-win_arm64.whl", hash = "sha256:646a86a1a082dbd99fed96314b1064f5644bb34c1f4037a63547a18e2160fb86", size = 5509019, upload-time = "2026-06-15T11:36:46.595Z" },
]

[[package]]
name = "ruff"
version = "0.16.0"
source = { registry = "https://pypi.org/simple" }
sdist = { url = "https://files.pythonhosted.org/packages/4d/94/1e5e4967626faf12fa56999cd6222dff6992ceb086ad7945756baf70c7a7/ruff-0.16.0.tar.gz", hash = "sha256:e460aafd5495ec89efaa6ced2e4a9a581116451e1c88b9d37ef497e0f8e93982", size = 4790557, upload-time = "2026-07-23T19:11:30.981Z" }
wheels = [
    { url = "https://files.pythonhosted.org/packages/4b/81/1c8818fee7ce1a04cd7d1b3172e0a8f8e4f1dc4feb7fc390e16daa8af323/ruff-0.16.0-py3-none-linux_armv6l.whl", hash = "sha256:e5115729eb08c585e5121978ba5d5b60caeae394ce21b9fb5e6cd33a1c6c9b1e", size = 10754633, upload-time = "2026-07-23T19:10:46.415Z" },
    { url = "https://files.pythonhosted.org/packages/23/df/beaf59c09d68db84304d555f188b276a77132a5d5b0b67a5c762aa143628/ruff-0.16.0-py3-none-macosx_10_12_x86_64.whl", hash = "sha256:3c954b1d580bfa035b41654f7858cc7e71d5fc3ac5b723dd62bd9133830ed522", size = 10969164, upload-time = "2026-07-23T19:10:50.271Z" },
    { url = "https://files.pythonhosted.org/packages/42/ce/741cd197496a1abbf51352710fd15ed995d2a2be87189c1da26a450d6e83/ruff-0.16.0-py3-none-macosx_11_0_arm64.whl", hash = "sha256:e01c21d10eb1b29f47b7454e1f4056db9a3f0260c646aa88457c610291db9f81", size = 10488846, upload-time = "2026-07-23T19:10:52.639Z" },
    { url = "https://files.pythonhosted.org/packages/52/2a/a2db8e88cade358f5cdcb05674a917751074109315d014eb6352d9a893f7/ruff-0.16.0-py3-none-manylinux_2_17_aarch64.manylinux2014_aarch64.whl", hash = "sha256:6e364e5ed22ed8dc05082fd78e35308618260907ac2d3c1d637b2e682415b6c9", size = 10889729, upload-time = "2026-07-23T19:10:54.89Z" },
    { url = "https://files.pythonhosted.org/packages/42/65/62a771694ebd63029dc953e27dbad40e1588bd4860ff9fe881018fddaa49/ruff-0.16.0-py3-none-manylinux_2_17_armv7l.manylinux2014_armv7l.whl", hash = "sha256:d327b8fc113a1d4421a04f3839d3752057c8dd1ee320223a6f3f52d04ada462a", size = 10568275, upload-time = "2026-07-23T19:10:56.993Z" },
    { url = "https://files.pythonhosted.org/packages/3f/e2/ced249fe8af5f086c5c58cc21cc3356d50f32f7401c5df87050c999620a7/ruff-0.16.0-py3-none-manylinux_2_17_i686.manylinux2014_i686.whl", hash = "sha256:a9b50c55e263103586b3dcf5f73d479eb8cb5fdb6098fec59a62891dab653717", size = 11385112, upload-time = "2026-07-23T19:10:59.615Z" },
    { url = "https://files.pythonhosted.org/packages/87/0b/05154977a8fd69eeb6c103271f55403bfd8711f5c0f8ed07489d95a504e7/ruff-0.16.0-py3-none-manylinux_2_17_ppc64le.manylinux2014_ppc64le.whl", hash = "sha256:0ff4a79ce3ec0172f3241943835de1c4cb4e2dcd07f0f8c2d02603dbbbee4b17", size = 12207008, upload-time = "2026-07-23T19:11:02.154Z" },
    { url = "https://files.pythonhosted.org/packages/fb/29/98225831a3a1eab0e02f4acc6ca6559a98611dcc68b6965ff4b7234627c1/ruff-0.16.0-py3-none-manylinux_2_17_s390x.manylinux2014_s390x.whl", hash = "sha256:e95c448fca1fb2a18372a9440926c5a6ee789639bb975c72e7ae6d0b04218ab4", size = 11650842, upload-time = "2026-07-23T19:11:04.557Z" },
    { url = "https://files.pythonhosted.org/packages/91/66/6bd3cf90500653d55dc0ffc8507aa8300bd49d0214b2e8cb4d3fef2943ba/ruff-0.16.0-py3-none-manylinux_2_17_x86_64.manylinux2014_x86_64.whl", hash = "sha256:4f11a8d11010301d0a398a2fdef67691feca7294da6aef55e2150e8fa2cd520b", size = 11400718, upload-time = "2026-07-23T19:11:09.233Z" },
    { url = "https://files.pythonhosted.org/packages/8e/a2/a54eb4eae05d66364050a5d3b8a9c5ef88196531b3cbe7109d873f87f819/ruff-0.16.0-py3-none-manylinux_2_31_riscv64.whl", hash = "sha256:48044c678e9cb8698246c99b14aaccfa6601dea7379eb48a6f8f73f7a6d86cd0", size = 11426177, upload-time = "2026-07-23T19:11:11.994Z" },
    { url = "https://files.pythonhosted.org/packages/1a/be/16e3eea4b2a478a496919f5e36f17c4559e54620bd3bbac5d6affa068006/ruff-0.16.0-py3-none-musllinux_1_2_aarch64.whl", hash = "sha256:7aa0959bad8eb8bef50340154fc9b58678dae31fa4293afa38b44b6e552c0213", size = 10856126, upload-time = "2026-07-23T19:11:14.221Z" },
    { url = "https://files.pythonhosted.org/packages/a2/84/252eb8b868a16eec7257c14f504f77537e734b2d69c762e639e588e304a3/ruff-0.16.0-py3-none-musllinux_1_2_armv7l.whl", hash = "sha256:28ea2b7df8ebf7f9da6b7d47b230ab48f387c0a29be3b474c4d0740e197bb9af", size = 10571208, upload-time = "2026-07-23T19:11:16.378Z" },
    { url = "https://files.pythonhosted.org/packages/21/09/817a482f542f7570cbb4554b26e896610c7114f539b1d9e2d2145bf6bef6/ruff-0.16.0-py3-none-musllinux_1_2_i686.whl", hash = "sha256:33a3dfac8c35f81498dea9181bccc2f4c4bc8f1521a1dd9406e77643e0f0fb09", size = 11063329, upload-time = "2026-07-23T19:11:19.173Z" },
    { url = "https://files.pythonhosted.org/packages/2e/23/9403c180ca1cb9b1f7335f5c3e5305c09d49ea5b345196682a36028bde4a/ruff-0.16.0-py3-none-musllinux_1_2_x86_64.whl", hash = "sha256:a5237a0bda500d30d81b8e07a6973a5cbc772864cbf746ae2f4e8a2e01c9f4ed", size = 11489751, upload-time = "2026-07-23T19:11:21.74Z" },
    { url = "https://files.pythonhosted.org/packages/b2/1d/1b2ef7bcde851c78d7f17f1cca13fd6dc695fc4b3d6197941e72cae5b132/ruff-0.16.0-py3-none-win32.whl", hash = "sha256:7fab76fa065c873f41ff744347c6e77bcc3dfec4bcc754dc26b63d23c0f7f5fb", size = 10785885, upload-time = "2026-07-23T19:11:23.947Z" },
    { url = "https://files.pythonhosted.org/packages/b2/a3/d5e4ef7a56be3f928ffb90b94c25ba7d3cb9c7fe0736aeaaedf361770712/ruff-0.16.0-py3-none-win_amd64.whl", hash = "sha256:429c117f022bf481fabd9d551e7a3952b24c65e6ef44337ea09d90bebef14472", size = 11923141, upload-time = "2026-07-23T19:11:26.409Z" },
    { url = "https://files.pythonhosted.org/packages/cb/9a/8415f2657cbe200f41a4531ccededf135505a92d4a012229121f885b26f9/ruff-0.16.0-py3-none-win_arm64.whl", hash = "sha256:14296fedcd2705c77ab8235439278bbb38f285cf7da5528b00b3e330c3d4872d", size = 11273407, upload-time = "2026-07-23T19:11:28.705Z" },
]

[[package]]
name = "rumdl"
version = "0.2.22"
source = { registry = "https://pypi.org/simple" }
sdist = { url = "https://files.pythonhosted.org/packages/45/73/1f5fed64823c3877b10e2eef5901f50bbaa227035afa2f87b060da812766/rumdl-0.2.22.tar.gz", hash = "sha256:59efa6c2996c01f7a258f10c79609610ca730c78a9b1e23063276e12bc12cd3b", size = 2772549, upload-time = "2026-06-23T22:30:39.107Z" }
wheels = [
    { url = "https://files.pythonhosted.org/packages/7e/41/fff3b9a49a4afd261ea515d8600315c49a684e3947d6e26385cc27b286a3/rumdl-0.2.22-py3-none-macosx_10_12_x86_64.whl", hash = "sha256:fc38a0d5966dab6ef96c1f98e580a80a078eccc917b0ef26538ce75fc742f5c0", size = 6005336, upload-time = "2026-06-23T22:30:25.663Z" },
    { url = "https://files.pythonhosted.org/packages/2c/97/b29980e4a9b6aea740161b1eb771698813522c96d6e238562a07c25d83b8/rumdl-0.2.22-py3-none-macosx_11_0_arm64.whl", hash = "sha256:7522545df133d3d9c6ab884717d629d5d1483e52164ff90d60d0ea52b6d140a5", size = 5685188, upload-time = "2026-06-23T22:30:28.05Z" },
    { url = "https://files.pythonhosted.org/packages/2e/ae/3320db0ca1f66d7d7196aed59e64f6709fab8e1addd144916701088cedd7/rumdl-0.2.22-py3-none-manylinux_2_28_aarch64.whl", hash = "sha256:21ecd65d151ecef32c923b21e7ef0705e7fe7a721d875497172a849337187adc", size = 5806335, upload-time = "2026-06-23T22:30:30.135Z" },
    { url = "https://files.pythonhosted.org/packages/ef/b8/706c38bb4127089bf1f1e9f50e112a231b7cd2c4fedc3826b754816f4208/rumdl-0.2.22-py3-none-manylinux_2_28_x86_64.whl", hash = "sha256:4b07e415af05779910bb77b0065d2258bd485a270e109e278edc5d981e548986", size = 6189389, upload-time = "2026-06-23T22:30:31.848Z" },
    { url = "https://files.pythonhosted.org/packages/90/de/7bc243b57d46855c07e3e61f940a445bfdda84e120cb8080c2fe0ea2b5ba/rumdl-0.2.22-py3-none-musllinux_1_2_aarch64.whl", hash = "sha256:5540d989fa55d82d9654957075f0aa4683ffc6e16ea619fe615529d9c1de4174", size = 5797590, upload-time = "2026-06-23T22:30:33.679Z" },
    { url = "https://files.pythonhosted.org/packages/b9/8b/06d2ce349513d1b31634942d6c27a0eb661330cd78c13c5cfe227038b0fa/rumdl-0.2.22-py3-none-musllinux_1_2_x86_64.whl", hash = "sha256:c162bb7d60deb41c852694115d7cbf3e0f8adf604f11ee5ff4ca0188a3c9285d", size = 6176763, upload-time = "2026-06-23T22:30:35.484Z" },
    { url = "https://files.pythonhosted.org/packages/20/67/d4f924de6200f0b110f1295af67d038ba72957b965e8e57f0121cf276e78/rumdl-0.2.22-py3-none-win_amd64.whl", hash = "sha256:d19948ebb3dfdca579e557ad2403d14850fac59de9c72095d5fcb545e01f666c", size = 6132873, upload-time = "2026-06-23T22:30:37.459Z" },
]

[[package]]
name = "shellcheck-py"
version = "0.11.0.1"
source = { registry = "https://pypi.org/simple" }
sdist = { url = "https://files.pythonhosted.org/packages/df/55/455b097417b3df3d330eff029c72c32f08b25739e3010acb30ad06d268ef/shellcheck_py-0.11.0.1.tar.gz", hash = "sha256:5c620c88901e8f1d3be5934b31ea99e3310065e1245253741eafd0a275c8c9cc", size = 3139, upload-time = "2025-08-09T17:53:42.492Z" }
wheels = [
    { url = "https://files.pythonhosted.org/packages/54/27/d75b03e5458cefdb6d3b674566cd20476c3e4d3fe6cc9d68b7e3b854b296/shellcheck_py-0.11.0.1-py2.py3-none-macosx_10_9_x86_64.whl", hash = "sha256:b6a3fee28efda2e16e38d6e6d59faf7224300256456639727370d404730849e8", size = 6774472, upload-time = "2025-08-09T17:53:34.573Z" },
    { url = "https://files.pythonhosted.org/packages/61/ac/2a84c37171c0cf5a10ea4b0a27d43eb0a1d29bd98b49c2c5ffe17ad24bbe/shellcheck_py-0.11.0.1-py2.py3-none-macosx_11_0_arm64.whl", hash = "sha256:6b88d0a244c82ed07e06a53e444da841f69330ca59ae15d4a66c391655dae7a0", size = 11381835, upload-time = "2025-08-09T17:53:36.852Z" },
    { url = "https://files.pythonhosted.org/packages/96/55/250e0e3367613a5c22bd82e33b16b889287d81ab0f7dda67e6514a4cccf4/shellcheck_py-0.11.0.1-py2.py3-none-manylinux1_x86_64.manylinux2014_x86_64.manylinux_2_17_x86_64.manylinux_2_5_x86_64.whl", hash = "sha256:1b274df81de5b000ff78db433e7328b87e52e3c38481c60f8e488c3095beef05", size = 3800600, upload-time = "2025-08-09T17:53:38.643Z" },
    { url = "https://files.pythonhosted.org/packages/15/5b/bb14c0a7474463b1aa3c09e866cb172dffc66ed2993b7ea8f1db581e86ee/shellcheck_py-0.11.0.1-py2.py3-none-win_amd64.whl", hash = "sha256:784156289ecb17e91c692cd783ab5152333309588cabb10032a047331c63e759", size = 8027541, upload-time = "2025-08-09T17:53:40.889Z" },
]

[[package]]
name = "typos"
version = "1.47.2"
source = { registry = "https://pypi.org/simple" }
sdist = { url = "https://files.pythonhosted.org/packages/77/9b/ae967bee92f0db3916350bd433f700cc0cd2942d51a22f3bfafbc97392f6/typos-1.47.2.tar.gz", hash = "sha256:d303e8c495ea870f750d8b37f2d3c3fe2441b00cf18ca5d7e0b52eca1938c7b7", size = 1829889, upload-time = "2026-06-04T01:03:07.169Z" }
wheels = [
    { url = "https://files.pythonhosted.org/packages/d7/9f/0612f6272666784ee60bee890afd517641044e5f1cda76ce22252e61b4e1/typos-1.47.2-py3-none-macosx_10_12_x86_64.whl", hash = "sha256:87df3040f9d34afd9b19a9437045fbb8838a0435eb00f047e4bac48d92f2fc44", size = 3468120, upload-time = "2026-06-04T01:02:51.404Z" },
    { url = "https://files.pythonhosted.org/packages/4c/cc/9ecd96a40cf5e8aca68cc07c0b7e4a8d8d3376b19c5774a95aeded8a935f/typos-1.47.2-py3-none-macosx_11_0_arm64.whl", hash = "sha256:287e2718a058c561baf5f55ec6b466d9270546bcb1951a2c120e594c574b9597", size = 3379520, upload-time = "2026-06-04T01:02:53.117Z" },
    { url = "https://files.pythonhosted.org/packages/d9/6e/77d23f926d6f774d6939e24f9545db702e2ee359b21e38006337539d0903/typos-1.47.2-py3-none-manylinux_2_17_aarch64.manylinux2014_aarch64.whl", hash = "sha256:3e4ef6632b280ce237caaec38d80dd3c2d956e28aa6925f80d4e915335b94a36", size = 8242414, upload-time = "2026-06-04T01:02:55.443Z" },
    { url = "https://files.pythonhosted.org/packages/a2/fd/e292e2bde1144a135949cf6d5615e571eab7f0ff2ba6cca55c074b302dd1/typos-1.47.2-py3-none-manylinux_2_17_i686.manylinux2014_i686.whl", hash = "sha256:cd7b310019943e26552809bd17f9f202b45eb0c9694f437f1708ab0868248ced", size = 7327674, upload-time = "2026-06-04T01:02:57.243Z" },
    { url = "https://files.pythonhosted.org/packages/a7/58/b7a3f4df5ff9ddde7c9e42d29b4c0569662af5dbad3573eedc167cd8d1e1/typos-1.47.2-py3-none-manylinux_2_17_x86_64.manylinux2014_x86_64.whl", hash = "sha256:f525edf9b67d3ede552bb70bd4171f23e5e8edec3187189dfe8d1676df630b44", size = 7747368, upload-time = "2026-06-04T01:02:59.031Z" },
    { url = "https://files.pythonhosted.org/packages/78/18/758682974e36f5b77eb592807fd748ce1c4010509b4255f867433aa3e44f/typos-1.47.2-py3-none-musllinux_1_2_aarch64.whl", hash = "sha256:6c36a97ab3dd8c8924cd9b907a32e9aac504fc779d0c3b05e19204ca93385c37", size = 7097338, upload-time = "2026-06-04T01:03:00.932Z" },
    { url = "https://files.pythonhosted.org/packages/9d/b3/e6bccecd186d8f8c2d592baa7e1b17ef4f02a1e0a5ce4d7f53e9693fd3d9/typos-1.47.2-py3-none-musllinux_1_2_x86_64.whl", hash = "sha256:4eb36a44daed1d719ce417d2a6dd7a323d814ccdc647d9bb20d17ac2bed9e38c", size = 8136631, upload-time = "2026-06-04T01:03:02.744Z" },
    { url = "https://files.pythonhosted.org/packages/50/90/cceb1be7159dd020c0c9a93371b6444b8bdad7bce55bc7fa119e49d2c264/typos-1.47.2-py3-none-win32.whl", hash = "sha256:d0c01034bc029d8883406f3e2bed46dfa9b090ce6ad4a99e580070ae51307cfa", size = 3139942, upload-time = "2026-06-04T01:03:04.163Z" },
    { url = "https://files.pythonhosted.org/packages/82/0c/7c44ffabf6020d2fc456912bdcfb0d68102e05775fbc5cf82b88979be2ea/typos-1.47.2-py3-none-win_amd64.whl", hash = "sha256:749bbba363067bfc0e54ccc6e7580750e17f5ef093c91fedf6c2eb27d32efee6", size = 3311629, upload-time = "2026-06-04T01:03:05.718Z" },
]

[[package]]
name = "zizmor"
version = "1.26.1"
source = { registry = "https://pypi.org/simple" }
sdist = { url = "https://files.pythonhosted.org/packages/e4/a0/a29b38e24981b4bb41db4f292b2c9fb9ddf8b05d6b724abddd7bd108b621/zizmor-1.26.1.tar.gz", hash = "sha256:0c2cc575007a4db99d89d5acc6120cfa7b61504bc2394c3b50af348c73f1916e", size = 535275, upload-time = "2026-06-21T02:47:21.265Z" }
wheels = [
    { url = "https://files.pythonhosted.org/packages/40/a9/2f47f7db8db9491025e00a7f1a0f25d32b642c0285b2fe070ac63e679b47/zizmor-1.26.1-py3-none-macosx_10_12_x86_64.whl", hash = "sha256:7ea21ca959c8e888de238fee81d73a1fdf89a82067eac75b8f1acdbd23e2eeaf", size = 9086061, upload-time = "2026-06-21T02:46:57.492Z" },
    { url = "https://files.pythonhosted.org/packages/58/92/cf6801f01e1d65cbda89a2e2926ea42caf1daad9ffa3f1fc88e4c68f48a9/zizmor-1.26.1-py3-none-macosx_11_0_arm64.whl", hash = "sha256:78083b495593f8b0b9dec14036a0836a5afcddda8a40738336ff4e399476b741", size = 8626865, upload-time = "2026-06-21T02:47:00.323Z" },
    { url = "https://files.pythonhosted.org/packages/b4/b1/ff38fc2921f1fb13244bb3a3642c4b45ecf3946c279942aafcb5dbf55a57/zizmor-1.26.1-py3-none-manylinux_2_24_aarch64.whl", hash = "sha256:bb7ebbe565a3742eb49a590352127ad549bb122b9b4ff9424ebab7525fa3b6b6", size = 8843965, upload-time = "2026-06-21T02:47:03.318Z" },
    { url = "https://files.pythonhosted.org/packages/3d/06/c07fd0eeef0427d93e99d552d5386526fbcd0bf05fc95cd37bdc6229fccb/zizmor-1.26.1-py3-none-manylinux_2_28_armv7l.whl", hash = "sha256:d3049010b6bd6f849413b6d20c28e0c677b90e0a5b2bc73cbee7f7bd86dc5828", size = 8386985, upload-time = "2026-06-21T02:47:05.741Z" },
    { url = "https://files.pythonhosted.org/packages/a8/2b/61ab13d45d6ce57ef5a08bb3246981f62e30bb4938098b17bb7b88110b79/zizmor-1.26.1-py3-none-manylinux_2_28_x86_64.whl", hash = "sha256:6a958d8a0941d7e1d0de8436670b5cb7fc64c8028b4d16e3f519ccc77f953cef", size = 9257232, upload-time = "2026-06-21T02:47:07.941Z" },
    { url = "https://files.pythonhosted.org/packages/e3/ad/bd74a96cb02045414ec5b573cd97ff3b82a97fd0bd6658f93c36a011c439/zizmor-1.26.1-py3-none-musllinux_1_2_aarch64.whl", hash = "sha256:d2744cdf944436ca7a009ae8b626a017a40381ec990216abd6cf6b8beb23323a", size = 8873798, upload-time = "2026-06-21T02:47:10.472Z" },
    { url = "https://files.pythonhosted.org/packages/b8/7e/fb3d608ee11e2f619d43ad93bab46eb7b32769fa82b1d86fd23f27c2585b/zizmor-1.26.1-py3-none-musllinux_1_2_armv7l.whl", hash = "sha256:44099f426af9da750ff9f548a0084e11d7d83e0158fe1a2778672398d728efdd", size = 8350857, upload-time = "2026-06-21T02:47:12.748Z" },
    { url = "https://files.pythonhosted.org/packages/27/cc/82d7a838c2d490071555c364f90eb851044b3eeefc1d68612179a2cd1ae5/zizmor-1.26.1-py3-none-musllinux_1_2_x86_64.whl", hash = "sha256:8313cc264dec792f00a7328eb7c8e89e7d62d54f950fc897d1e6a5a6e5762203", size = 9351148, upload-time = "2026-06-21T02:47:14.777Z" },
    { url = "https://files.pythonhosted.org/packages/f9/ee/d2a2301f30b9e1bf0d721bfd31739acd71e048757f9ba79279583eb30ac0/zizmor-1.26.1-py3-none-win32.whl", hash = "sha256:c96d7787d69fb298eae939e00dfdf7f534d7dfbd9cc17ab442c0650a56851415", size = 7531021, upload-time = "2026-06-21T02:47:17.247Z" },
    { url = "https://files.pythonhosted.org/packages/91/58/ad561f3a5057d3c0f152002e180a3a5745e72ea9d69bf66450ef9f5d3fe5/zizmor-1.26.1-py3-none-win_amd64.whl", hash = "sha256:0a05acf6068609fb6df3b137276cf18a686226a1e0e207941cb34a85929f16cf", size = 8616584, upload-time = "2026-06-21T02:47:19.094Z" },
]
